// !$*UTF8*$!
{
	archiveVersion = 1;
	classes = {
	};
	objectVersion = 56;
	objects = {

/* Begin PBXBuildFile section */
		8901E46B2B9EFED800D29BE3 /* Alarm.swift in Sources */ = {isa = PBXBuildFile; fileRef = 8901E46A2B9EFED800D29BE3 /* Alarm.swift */; };
		89380FF52B873BF200A2BE6F /* Color+Extension.swift in Sources */ = {isa = PBXBuildFile; fileRef = 89380FF42B873BF200A2BE6F /* Color+Extension.swift */; };
		89380FF72B874DD300A2BE6F /* View+Extension.swift in Sources */ = {isa = PBXBuildFile; fileRef = 89380FF62B874DD300A2BE6F /* View+Extension.swift */; };
		896320902B958E7C0059B1CD /* ClockWindowView.swift in Sources */ = {isa = PBXBuildFile; fileRef = 8963208F2B958E7C0059B1CD /* ClockWindowView.swift */; };
		896320922B9591B40059B1CD /* HomeWindowView.swift in Sources */ = {isa = PBXBuildFile; fileRef = 896320912B9591B40059B1CD /* HomeWindowView.swift */; };
		896320942B9591CC0059B1CD /* HomeWindowTitleView.swift in Sources */ = {isa = PBXBuildFile; fileRef = 896320932B9591CC0059B1CD /* HomeWindowTitleView.swift */; };
		896320982B95B6610059B1CD /* Note.swift in Sources */ = {isa = PBXBuildFile; fileRef = 896320972B95B6610059B1CD /* Note.swift */; };
		8963209C2B95C3320059B1CD /* NoteCreateView.swift in Sources */ = {isa = PBXBuildFile; fileRef = 8963209B2B95C3320059B1CD /* NoteCreateView.swift */; };
		8963209E2B95CB8B0059B1CD /* NoteViewModel.swift in Sources */ = {isa = PBXBuildFile; fileRef = 8963209D2B95CB8B0059B1CD /* NoteViewModel.swift */; };
		8969672F2B95681B00CB03C0 /* AttachmentsView.swift in Sources */ = {isa = PBXBuildFile; fileRef = 8969672E2B95681B00CB03C0 /* AttachmentsView.swift */; };
		8986CBDC2B998CF8008A5AEA /* ClockViewModel.swift in Sources */ = {isa = PBXBuildFile; fileRef = 8986CBDB2B998CF8008A5AEA /* ClockViewModel.swift */; };
		8992592A2B8DA29500998620 /* NoteWindowView.swift in Sources */ = {isa = PBXBuildFile; fileRef = 899259292B8DA29500998620 /* NoteWindowView.swift */; };
		8992592C2B8DA69100998620 /* SmartDeskBackgroundView.swift in Sources */ = {isa = PBXBuildFile; fileRef = 8992592B2B8DA69100998620 /* SmartDeskBackgroundView.swift */; };
		89A013F62B96D99100019197 /* NoteRepository.swift in Sources */ = {isa = PBXBuildFile; fileRef = 89A013F52B96D99100019197 /* NoteRepository.swift */; };
		89A013F82B96DD3B00019197 /* NoteDataSource.swift in Sources */ = {isa = PBXBuildFile; fileRef = 89A013F72B96DD3B00019197 /* NoteDataSource.swift */; };
		89A3E5482B931474000FDB33 /* ImersiveViewModel.swift in Sources */ = {isa = PBXBuildFile; fileRef = 89A3E5472B931474000FDB33 /* ImersiveViewModel.swift */; };
		89B445FE2B844B5C00966BD5 /* RealityKitContent in Frameworks */ = {isa = PBXBuildFile; productRef = 89B445FD2B844B5C00966BD5 /* RealityKitContent */; };
		89B446002B844B5C00966BD5 /* SmartDeskApp.swift in Sources */ = {isa = PBXBuildFile; fileRef = 89B445FF2B844B5C00966BD5 /* SmartDeskApp.swift */; };
		89B446042B844B5C00966BD5 /* ImmersiveView.swift in Sources */ = {isa = PBXBuildFile; fileRef = 89B446032B844B5C00966BD5 /* ImmersiveView.swift */; };
		89B446062B844B6A00966BD5 /* Assets.xcassets in Resources */ = {isa = PBXBuildFile; fileRef = 89B446052B844B6A00966BD5 /* Assets.xcassets */; };
		89B446092B844B6A00966BD5 /* Preview Assets.xcassets in Resources */ = {isa = PBXBuildFile; fileRef = 89B446082B844B6A00966BD5 /* Preview Assets.xcassets */; };
		89CC0D5F2BA00E0E00E49404 /* AlarmSwitchView.swift in Sources */ = {isa = PBXBuildFile; fileRef = 89CC0D5E2BA00E0E00E49404 /* AlarmSwitchView.swift */; };
		89CC0D612BA00E4200E49404 /* AlarmCreateView.swift in Sources */ = {isa = PBXBuildFile; fileRef = 89CC0D602BA00E4200E49404 /* AlarmCreateView.swift */; };
		89F956982B85F2C400BD68F1 /* Constants.swift in Sources */ = {isa = PBXBuildFile; fileRef = 89F956972B85F2C400BD68F1 /* Constants.swift */; };
/* End PBXBuildFile section */

/* Begin PBXFileReference section */
		8901E46A2B9EFED800D29BE3 /* Alarm.swift */ = {isa = PBXFileReference; lastKnownFileType = sourcecode.swift; path = Alarm.swift; sourceTree = "<group>"; };
		89380FF42B873BF200A2BE6F /* Color+Extension.swift */ = {isa = PBXFileReference; lastKnownFileType = sourcecode.swift; path = "Color+Extension.swift"; sourceTree = "<group>"; };
		89380FF62B874DD300A2BE6F /* View+Extension.swift */ = {isa = PBXFileReference; lastKnownFileType = sourcecode.swift; path = "View+Extension.swift"; sourceTree = "<group>"; };
		8963208F2B958E7C0059B1CD /* ClockWindowView.swift */ = {isa = PBXFileReference; lastKnownFileType = sourcecode.swift; path = ClockWindowView.swift; sourceTree = "<group>"; };
		896320912B9591B40059B1CD /* HomeWindowView.swift */ = {isa = PBXFileReference; fileEncoding = 4; lastKnownFileType = sourcecode.swift; path = HomeWindowView.swift; sourceTree = "<group>"; };
		896320932B9591CC0059B1CD /* HomeWindowTitleView.swift */ = {isa = PBXFileReference; fileEncoding = 4; lastKnownFileType = sourcecode.swift; path = HomeWindowTitleView.swift; sourceTree = "<group>"; };
		896320972B95B6610059B1CD /* Note.swift */ = {isa = PBXFileReference; lastKnownFileType = sourcecode.swift; path = Note.swift; sourceTree = "<group>"; };
		8963209B2B95C3320059B1CD /* NoteCreateView.swift */ = {isa = PBXFileReference; lastKnownFileType = sourcecode.swift; path = NoteCreateView.swift; sourceTree = "<group>"; };
		8963209D2B95CB8B0059B1CD /* NoteViewModel.swift */ = {isa = PBXFileReference; lastKnownFileType = sourcecode.swift; path = NoteViewModel.swift; sourceTree = "<group>"; };
		8969672E2B95681B00CB03C0 /* AttachmentsView.swift */ = {isa = PBXFileReference; lastKnownFileType = sourcecode.swift; path = AttachmentsView.swift; sourceTree = "<group>"; };
		8986CBDB2B998CF8008A5AEA /* ClockViewModel.swift */ = {isa = PBXFileReference; lastKnownFileType = sourcecode.swift; path = ClockViewModel.swift; sourceTree = "<group>"; };
		899259292B8DA29500998620 /* NoteWindowView.swift */ = {isa = PBXFileReference; lastKnownFileType = sourcecode.swift; path = NoteWindowView.swift; sourceTree = "<group>"; };
		8992592B2B8DA69100998620 /* SmartDeskBackgroundView.swift */ = {isa = PBXFileReference; lastKnownFileType = sourcecode.swift; path = SmartDeskBackgroundView.swift; sourceTree = "<group>"; };
		89A013F52B96D99100019197 /* NoteRepository.swift */ = {isa = PBXFileReference; lastKnownFileType = sourcecode.swift; path = NoteRepository.swift; sourceTree = "<group>"; };
		89A013F72B96DD3B00019197 /* NoteDataSource.swift */ = {isa = PBXFileReference; lastKnownFileType = sourcecode.swift; path = NoteDataSource.swift; sourceTree = "<group>"; };
		89A3E5472B931474000FDB33 /* ImersiveViewModel.swift */ = {isa = PBXFileReference; lastKnownFileType = sourcecode.swift; path = ImersiveViewModel.swift; sourceTree = "<group>"; };
		89B445F82B844B5C00966BD5 /* SmartDesk.app */ = {isa = PBXFileReference; explicitFileType = wrapper.application; includeInIndex = 0; path = SmartDesk.app; sourceTree = BUILT_PRODUCTS_DIR; };
		89B445FC2B844B5C00966BD5 /* RealityKitContent */ = {isa = PBXFileReference; lastKnownFileType = wrapper; path = RealityKitContent; sourceTree = "<group>"; };
		89B445FF2B844B5C00966BD5 /* SmartDeskApp.swift */ = {isa = PBXFileReference; lastKnownFileType = sourcecode.swift; path = SmartDeskApp.swift; sourceTree = "<group>"; };
		89B446032B844B5C00966BD5 /* ImmersiveView.swift */ = {isa = PBXFileReference; lastKnownFileType = sourcecode.swift; path = ImmersiveView.swift; sourceTree = "<group>"; };
		89B446052B844B6A00966BD5 /* Assets.xcassets */ = {isa = PBXFileReference; lastKnownFileType = folder.assetcatalog; path = Assets.xcassets; sourceTree = "<group>"; };
		89B446082B844B6A00966BD5 /* Preview Assets.xcassets */ = {isa = PBXFileReference; lastKnownFileType = folder.assetcatalog; path = "Preview Assets.xcassets"; sourceTree = "<group>"; };
		89B4460A2B844B6A00966BD5 /* Info.plist */ = {isa = PBXFileReference; lastKnownFileType = text.plist.xml; path = Info.plist; sourceTree = "<group>"; };
		89CC0D5E2BA00E0E00E49404 /* AlarmSwitchView.swift */ = {isa = PBXFileReference; lastKnownFileType = sourcecode.swift; path = AlarmSwitchView.swift; sourceTree = "<group>"; };
		89CC0D602BA00E4200E49404 /* AlarmCreateView.swift */ = {isa = PBXFileReference; lastKnownFileType = sourcecode.swift; path = AlarmCreateView.swift; sourceTree = "<group>"; };
		89F956972B85F2C400BD68F1 /* Constants.swift */ = {isa = PBXFileReference; lastKnownFileType = sourcecode.swift; path = Constants.swift; sourceTree = "<group>"; };
/* End PBXFileReference section */

/* Begin PBXFrameworksBuildPhase section */
		89B445F52B844B5C00966BD5 /* Frameworks */ = {
			isa = PBXFrameworksBuildPhase;
			buildActionMask = 2147483647;
			files = (
				89B445FE2B844B5C00966BD5 /* RealityKitContent in Frameworks */,
			);
			runOnlyForDeploymentPostprocessing = 0;
		};
/* End PBXFrameworksBuildPhase section */

/* Begin PBXGroup section */
		8963208E2B958E2A0059B1CD /* Clock */ = {
			isa = PBXGroup;
			children = (
				8963208F2B958E7C0059B1CD /* ClockWindowView.swift */,
				8986CBDB2B998CF8008A5AEA /* ClockViewModel.swift */,
				89CC0D5E2BA00E0E00E49404 /* AlarmSwitchView.swift */,
				89CC0D602BA00E4200E49404 /* AlarmCreateView.swift */,
			);
			path = Clock;
			sourceTree = "<group>";
		};
		896320952B9591F50059B1CD /* Home */ = {
			isa = PBXGroup;
			children = (
				896320932B9591CC0059B1CD /* HomeWindowTitleView.swift */,
				896320912B9591B40059B1CD /* HomeWindowView.swift */,
			);
			path = Home;
			sourceTree = "<group>";
		};
		896320962B95B63E0059B1CD /* Model */ = {
			isa = PBXGroup;
			children = (
				896320972B95B6610059B1CD /* Note.swift */,
				8901E46A2B9EFED800D29BE3 /* Alarm.swift */,
			);
			path = Model;
			sourceTree = "<group>";
		};
		899259282B8DA27A00998620 /* Note */ = {
			isa = PBXGroup;
			children = (
				899259292B8DA29500998620 /* NoteWindowView.swift */,
				8963209B2B95C3320059B1CD /* NoteCreateView.swift */,
				8963209D2B95CB8B0059B1CD /* NoteViewModel.swift */,
			);
			path = Note;
			sourceTree = "<group>";
		};
		89A013F32B96D94B00019197 /* Repository */ = {
			isa = PBXGroup;
			children = (
				89A013F42B96D96D00019197 /* NoteRepository */,
			);
			path = Repository;
			sourceTree = "<group>";
		};
		89A013F42B96D96D00019197 /* NoteRepository */ = {
			isa = PBXGroup;
			children = (
				89A013F52B96D99100019197 /* NoteRepository.swift */,
				89A013F72B96DD3B00019197 /* NoteDataSource.swift */,
			);
			path = NoteRepository;
			sourceTree = "<group>";
		};
		89A3E5462B931452000FDB33 /* ImersiveView */ = {
			isa = PBXGroup;
			children = (
				89B446032B844B5C00966BD5 /* ImmersiveView.swift */,
				89A3E5472B931474000FDB33 /* ImersiveViewModel.swift */,
				8969672E2B95681B00CB03C0 /* AttachmentsView.swift */,
			);
			path = ImersiveView;
			sourceTree = "<group>";
		};
		89B445EF2B844B5C00966BD5 = {
			isa = PBXGroup;
			children = (
				89B445FA2B844B5C00966BD5 /* SmartDesk */,
				89B445FB2B844B5C00966BD5 /* Packages */,
				89B445F92B844B5C00966BD5 /* Products */,
			);
			sourceTree = "<group>";
		};
		89B445F92B844B5C00966BD5 /* Products */ = {
			isa = PBXGroup;
			children = (
				89B445F82B844B5C00966BD5 /* SmartDesk.app */,
			);
			name = Products;
			sourceTree = "<group>";
		};
		89B445FA2B844B5C00966BD5 /* SmartDesk */ = {
			isa = PBXGroup;
			children = (
				89F9568D2B8591FE00BD68F1 /* App */,
				89F956912B8592B000BD68F1 /* Extensions */,
				89F9568E2B85921E00BD68F1 /* Common */,
				89F9568C2B8591C000BD68F1 /* Views */,
				89A013F32B96D94B00019197 /* Repository */,
				896320962B95B63E0059B1CD /* Model */,
				89F956922B8592C200BD68F1 /* Resources */,
				89B4460A2B844B6A00966BD5 /* Info.plist */,
				89B446072B844B6A00966BD5 /* Preview Content */,
			);
			path = SmartDesk;
			sourceTree = "<group>";
		};
		89B445FB2B844B5C00966BD5 /* Packages */ = {
			isa = PBXGroup;
			children = (
				89B445FC2B844B5C00966BD5 /* RealityKitContent */,
			);
			path = Packages;
			sourceTree = "<group>";
		};
		89B446072B844B6A00966BD5 /* Preview Content */ = {
			isa = PBXGroup;
			children = (
				89B446082B844B6A00966BD5 /* Preview Assets.xcassets */,
			);
			path = "Preview Content";
			sourceTree = "<group>";
		};
		89F9568C2B8591C000BD68F1 /* Views */ = {
			isa = PBXGroup;
			children = (
				8992592B2B8DA69100998620 /* SmartDeskBackgroundView.swift */,
				896320952B9591F50059B1CD /* Home */,
				89A3E5462B931452000FDB33 /* ImersiveView */,
				899259282B8DA27A00998620 /* Note */,
				8963208E2B958E2A0059B1CD /* Clock */,
			);
			path = Views;
			sourceTree = "<group>";
		};
		89F9568D2B8591FE00BD68F1 /* App */ = {
			isa = PBXGroup;
			children = (
				89B445FF2B844B5C00966BD5 /* SmartDeskApp.swift */,
			);
			path = App;
			sourceTree = "<group>";
		};
		89F9568E2B85921E00BD68F1 /* Common */ = {
			isa = PBXGroup;
			children = (
				89F956972B85F2C400BD68F1 /* Constants.swift */,
			);
			path = Common;
			sourceTree = "<group>";
		};
		89F956912B8592B000BD68F1 /* Extensions */ = {
			isa = PBXGroup;
			children = (
				89380FF42B873BF200A2BE6F /* Color+Extension.swift */,
				89380FF62B874DD300A2BE6F /* View+Extension.swift */,
			);
			path = Extensions;
			sourceTree = "<group>";
		};
		89F956922B8592C200BD68F1 /* Resources */ = {
			isa = PBXGroup;
			children = (
				89B446052B844B6A00966BD5 /* Assets.xcassets */,
			);
			path = Resources;
			sourceTree = "<group>";
		};
/* End PBXGroup section */

/* Begin PBXNativeTarget section */
		89B445F72B844B5C00966BD5 /* SmartDesk */ = {
			isa = PBXNativeTarget;
			buildConfigurationList = 89B4460D2B844B6A00966BD5 /* Build configuration list for PBXNativeTarget "SmartDesk" */;
			buildPhases = (
				89B445F42B844B5C00966BD5 /* Sources */,
				89B445F52B844B5C00966BD5 /* Frameworks */,
				89B445F62B844B5C00966BD5 /* Resources */,
			);
			buildRules = (
			);
			dependencies = (
			);
			name = SmartDesk;
			packageProductDependencies = (
				89B445FD2B844B5C00966BD5 /* RealityKitContent */,
			);
			productName = SmartDesk;
			productReference = 89B445F82B844B5C00966BD5 /* SmartDesk.app */;
			productType = "com.apple.product-type.application";
		};
/* End PBXNativeTarget section */

/* Begin PBXProject section */
		89B445F02B844B5C00966BD5 /* Project object */ = {
			isa = PBXProject;
			attributes = {
				BuildIndependentTargetsInParallel = 1;
				LastSwiftUpdateCheck = 1530;
				LastUpgradeCheck = 1530;
				TargetAttributes = {
					89B445F72B844B5C00966BD5 = {
						CreatedOnToolsVersion = 15.3;
					};
				};
			};
			buildConfigurationList = 89B445F32B844B5C00966BD5 /* Build configuration list for PBXProject "SmartDesk" */;
			compatibilityVersion = "Xcode 14.0";
			developmentRegion = en;
			hasScannedForEncodings = 0;
			knownRegions = (
				en,
				Base,
			);
			mainGroup = 89B445EF2B844B5C00966BD5;
			productRefGroup = 89B445F92B844B5C00966BD5 /* Products */;
			projectDirPath = "";
			projectRoot = "";
			targets = (
				89B445F72B844B5C00966BD5 /* SmartDesk */,
			);
		};
/* End PBXProject section */

/* Begin PBXResourcesBuildPhase section */
		89B445F62B844B5C00966BD5 /* Resources */ = {
			isa = PBXResourcesBuildPhase;
			buildActionMask = 2147483647;
			files = (
				89B446092B844B6A00966BD5 /* Preview Assets.xcassets in Resources */,
				89B446062B844B6A00966BD5 /* Assets.xcassets in Resources */,
			);
			runOnlyForDeploymentPostprocessing = 0;
		};
/* End PBXResourcesBuildPhase section */

/* Begin PBXSourcesBuildPhase section */
		89B445F42B844B5C00966BD5 /* Sources */ = {
			isa = PBXSourcesBuildPhase;
			buildActionMask = 2147483647;
			files = (
				89F956982B85F2C400BD68F1 /* Constants.swift in Sources */,
				89CC0D612BA00E4200E49404 /* AlarmCreateView.swift in Sources */,
				896320902B958E7C0059B1CD /* ClockWindowView.swift in Sources */,
				89A3E5482B931474000FDB33 /* ImersiveViewModel.swift in Sources */,
				8992592C2B8DA69100998620 /* SmartDeskBackgroundView.swift in Sources */,
				89380FF72B874DD300A2BE6F /* View+Extension.swift in Sources */,
				89A013F62B96D99100019197 /* NoteRepository.swift in Sources */,
				89A013F82B96DD3B00019197 /* NoteDataSource.swift in Sources */,
				8963209E2B95CB8B0059B1CD /* NoteViewModel.swift in Sources */,
				896320982B95B6610059B1CD /* Note.swift in Sources */,
				89B446002B844B5C00966BD5 /* SmartDeskApp.swift in Sources */,
				896320942B9591CC0059B1CD /* HomeWindowTitleView.swift in Sources */,
				8963209C2B95C3320059B1CD /* NoteCreateView.swift in Sources */,
				8901E46B2B9EFED800D29BE3 /* Alarm.swift in Sources */,
				8969672F2B95681B00CB03C0 /* AttachmentsView.swift in Sources */,
				89CC0D5F2BA00E0E00E49404 /* AlarmSwitchView.swift in Sources */,
				896320922B9591B40059B1CD /* HomeWindowView.swift in Sources */,
				89380FF52B873BF200A2BE6F /* Color+Extension.swift in Sources */,
				89B446042B844B5C00966BD5 /* ImmersiveView.swift in Sources */,
				8992592A2B8DA29500998620 /* NoteWindowView.swift in Sources */,
				8986CBDC2B998CF8008A5AEA /* ClockViewModel.swift in Sources */,
			);
			runOnlyForDeploymentPostprocessing = 0;
		};
/* End PBXSourcesBuildPhase section */

/* Begin XCBuildConfiguration section */
		89B4460B2B844B6A00966BD5 /* Debug */ = {
			isa = XCBuildConfiguration;
			buildSettings = {
				ALWAYS_SEARCH_USER_PATHS = NO;
				ASSETCATALOG_COMPILER_GENERATE_SWIFT_ASSET_SYMBOL_EXTENSIONS = YES;
				CLANG_ANALYZER_NONNULL = YES;
				CLANG_ANALYZER_NUMBER_OBJECT_CONVERSION = YES_AGGRESSIVE;
				CLANG_CXX_LANGUAGE_STANDARD = "gnu++20";
				CLANG_ENABLE_MODULES = YES;
				CLANG_ENABLE_OBJC_ARC = YES;
				CLANG_ENABLE_OBJC_WEAK = YES;
				CLANG_WARN_BLOCK_CAPTURE_AUTORELEASING = YES;
				CLANG_WARN_BOOL_CONVERSION = YES;
				CLANG_WARN_COMMA = YES;
				CLANG_WARN_CONSTANT_CONVERSION = YES;
				CLANG_WARN_DEPRECATED_OBJC_IMPLEMENTATIONS = YES;
				CLANG_WARN_DIRECT_OBJC_ISA_USAGE = YES_ERROR;
				CLANG_WARN_DOCUMENTATION_COMMENTS = YES;
				CLANG_WARN_EMPTY_BODY = YES;
				CLANG_WARN_ENUM_CONVERSION = YES;
				CLANG_WARN_INFINITE_RECURSION = YES;
				CLANG_WARN_INT_CONVERSION = YES;
				CLANG_WARN_NON_LITERAL_NULL_CONVERSION = YES;
				CLANG_WARN_OBJC_IMPLICIT_RETAIN_SELF = YES;
				CLANG_WARN_OBJC_LITERAL_CONVERSION = YES;
				CLANG_WARN_OBJC_ROOT_CLASS = YES_ERROR;
				CLANG_WARN_QUOTED_INCLUDE_IN_FRAMEWORK_HEADER = YES;
				CLANG_WARN_RANGE_LOOP_ANALYSIS = YES;
				CLANG_WARN_STRICT_PROTOTYPES = YES;
				CLANG_WARN_SUSPICIOUS_MOVE = YES;
				CLANG_WARN_UNGUARDED_AVAILABILITY = YES_AGGRESSIVE;
				CLANG_WARN_UNREACHABLE_CODE = YES;
				CLANG_WARN__DUPLICATE_METHOD_MATCH = YES;
				COPY_PHASE_STRIP = NO;
				DEBUG_INFORMATION_FORMAT = dwarf;
				ENABLE_STRICT_OBJC_MSGSEND = YES;
				ENABLE_TESTABILITY = YES;
				ENABLE_USER_SCRIPT_SANDBOXING = YES;
				GCC_C_LANGUAGE_STANDARD = gnu17;
				GCC_DYNAMIC_NO_PIC = NO;
				GCC_NO_COMMON_BLOCKS = YES;
				GCC_OPTIMIZATION_LEVEL = 0;
				GCC_PREPROCESSOR_DEFINITIONS = (
					"DEBUG=1",
					"$(inherited)",
				);
				GCC_WARN_64_TO_32_BIT_CONVERSION = YES;
				GCC_WARN_ABOUT_RETURN_TYPE = YES_ERROR;
				GCC_WARN_UNDECLARED_SELECTOR = YES;
				GCC_WARN_UNINITIALIZED_AUTOS = YES_AGGRESSIVE;
				GCC_WARN_UNUSED_FUNCTION = YES;
				GCC_WARN_UNUSED_VARIABLE = YES;
				LOCALIZATION_PREFERS_STRING_CATALOGS = YES;
				MTL_ENABLE_DEBUG_INFO = INCLUDE_SOURCE;
				MTL_FAST_MATH = YES;
				ONLY_ACTIVE_ARCH = YES;
				SDKROOT = xros;
				SWIFT_ACTIVE_COMPILATION_CONDITIONS = "DEBUG $(inherited)";
				SWIFT_OPTIMIZATION_LEVEL = "-Onone";
				XROS_DEPLOYMENT_TARGET = 1.1;
			};
			name = Debug;
		};
		89B4460C2B844B6A00966BD5 /* Release */ = {
			isa = XCBuildConfiguration;
			buildSettings = {
				ALWAYS_SEARCH_USER_PATHS = NO;
				ASSETCATALOG_COMPILER_GENERATE_SWIFT_ASSET_SYMBOL_EXTENSIONS = YES;
				CLANG_ANALYZER_NONNULL = YES;
				CLANG_ANALYZER_NUMBER_OBJECT_CONVERSION = YES_AGGRESSIVE;
				CLANG_CXX_LANGUAGE_STANDARD = "gnu++20";
				CLANG_ENABLE_MODULES = YES;
				CLANG_ENABLE_OBJC_ARC = YES;
				CLANG_ENABLE_OBJC_WEAK = YES;
				CLANG_WARN_BLOCK_CAPTURE_AUTORELEASING = YES;
				CLANG_WARN_BOOL_CONVERSION = YES;
				CLANG_WARN_COMMA = YES;
				CLANG_WARN_CONSTANT_CONVERSION = YES;
				CLANG_WARN_DEPRECATED_OBJC_IMPLEMENTATIONS = YES;
				CLANG_WARN_DIRECT_OBJC_ISA_USAGE = YES_ERROR;
				CLANG_WARN_DOCUMENTATION_COMMENTS = YES;
				CLANG_WARN_EMPTY_BODY = YES;
				CLANG_WARN_ENUM_CONVERSION = YES;
				CLANG_WARN_INFINITE_RECURSION = YES;
				CLANG_WARN_INT_CONVERSION = YES;
				CLANG_WARN_NON_LITERAL_NULL_CONVERSION = YES;
				CLANG_WARN_OBJC_IMPLICIT_RETAIN_SELF = YES;
				CLANG_WARN_OBJC_LITERAL_CONVERSION = YES;
				CLANG_WARN_OBJC_ROOT_CLASS = YES_ERROR;
				CLANG_WARN_QUOTED_INCLUDE_IN_FRAMEWORK_HEADER = YES;
				CLANG_WARN_RANGE_LOOP_ANALYSIS = YES;
				CLANG_WARN_STRICT_PROTOTYPES = YES;
				CLANG_WARN_SUSPICIOUS_MOVE = YES;
				CLANG_WARN_UNGUARDED_AVAILABILITY = YES_AGGRESSIVE;
				CLANG_WARN_UNREACHABLE_CODE = YES;
				CLANG_WARN__DUPLICATE_METHOD_MATCH = YES;
				COPY_PHASE_STRIP = NO;
				DEBUG_INFORMATION_FORMAT = "dwarf-with-dsym";
				ENABLE_NS_ASSERTIONS = NO;
				ENABLE_STRICT_OBJC_MSGSEND = YES;
				ENABLE_USER_SCRIPT_SANDBOXING = YES;
				GCC_C_LANGUAGE_STANDARD = gnu17;
				GCC_NO_COMMON_BLOCKS = YES;
				GCC_WARN_64_TO_32_BIT_CONVERSION = YES;
				GCC_WARN_ABOUT_RETURN_TYPE = YES_ERROR;
				GCC_WARN_UNDECLARED_SELECTOR = YES;
				GCC_WARN_UNINITIALIZED_AUTOS = YES_AGGRESSIVE;
				GCC_WARN_UNUSED_FUNCTION = YES;
				GCC_WARN_UNUSED_VARIABLE = YES;
				LOCALIZATION_PREFERS_STRING_CATALOGS = YES;
				MTL_ENABLE_DEBUG_INFO = NO;
				MTL_FAST_MATH = YES;
				SDKROOT = xros;
				SWIFT_COMPILATION_MODE = wholemodule;
				VALIDATE_PRODUCT = YES;
				XROS_DEPLOYMENT_TARGET = 1.1;
			};
			name = Release;
		};
		89B4460E2B844B6A00966BD5 /* Debug */ = {
			isa = XCBuildConfiguration;
			buildSettings = {
				ASSETCATALOG_COMPILER_APPICON_NAME = AppIcon;
				ASSETCATALOG_COMPILER_GLOBAL_ACCENT_COLOR_NAME = AccentColor;
				CODE_SIGN_STYLE = Automatic;
				CURRENT_PROJECT_VERSION = 1;
				DEVELOPMENT_ASSET_PATHS = "\"SmartDesk/Preview Content\"";
				DEVELOPMENT_TEAM = C8ZQ8987X9;
				ENABLE_PREVIEWS = YES;
				GENERATE_INFOPLIST_FILE = YES;
				INFOPLIST_FILE = "$(TARGET_NAME)/Info.plist";
				LD_RUNPATH_SEARCH_PATHS = (
					"$(inherited)",
					"@executable_path/Frameworks",
				);
				MARKETING_VERSION = 1.0;
				PRODUCT_BUNDLE_IDENTIFIER = com.visionize.smartdesk;
				PRODUCT_NAME = "$(TARGET_NAME)";
				SUPPORTED_PLATFORMS = "xros xrsimulator";
				SWIFT_EMIT_LOC_STRINGS = YES;
				SWIFT_VERSION = 5.0;
				TARGETED_DEVICE_FAMILY = "1,2,7";
			};
			name = Debug;
		};
		89B4460F2B844B6A00966BD5 /* Release */ = {
			isa = XCBuildConfiguration;
			buildSettings = {
				ASSETCATALOG_COMPILER_APPICON_NAME = AppIcon;
				ASSETCATALOG_COMPILER_GLOBAL_ACCENT_COLOR_NAME = AccentColor;
				CODE_SIGN_STYLE = Automatic;
				CURRENT_PROJECT_VERSION = 1;
				DEVELOPMENT_ASSET_PATHS = "\"SmartDesk/Preview Content\"";
				DEVELOPMENT_TEAM = C8ZQ8987X9;
				ENABLE_PREVIEWS = YES;
				GENERATE_INFOPLIST_FILE = YES;
				INFOPLIST_FILE = "$(TARGET_NAME)/Info.plist";
				LD_RUNPATH_SEARCH_PATHS = (
					"$(inherited)",
					"@executable_path/Frameworks",
				);
				MARKETING_VERSION = 1.0;
				PRODUCT_BUNDLE_IDENTIFIER = com.visionize.smartdesk;
				PRODUCT_NAME = "$(TARGET_NAME)";
				SUPPORTED_PLATFORMS = "xros xrsimulator";
				SWIFT_EMIT_LOC_STRINGS = YES;
				SWIFT_VERSION = 5.0;
				TARGETED_DEVICE_FAMILY = "1,2,7";
			};
			name = Release;
		};
/* End XCBuildConfiguration section */

/* Begin XCConfigurationList section */
		89B445F32B844B5C00966BD5 /* Build configuration list for PBXProject "SmartDesk" */ = {
			isa = XCConfigurationList;
			buildConfigurations = (
				89B4460B2B844B6A00966BD5 /* Debug */,
				89B4460C2B844B6A00966BD5 /* Release */,
			);
			defaultConfigurationIsVisible = 0;
			defaultConfigurationName = Release;
		};
		89B4460D2B844B6A00966BD5 /* Build configuration list for PBXNativeTarget "SmartDesk" */ = {
			isa = XCConfigurationList;
			buildConfigurations = (
				89B4460E2B844B6A00966BD5 /* Debug */,
				89B4460F2B844B6A00966BD5 /* Release */,
			);
			defaultConfigurationIsVisible = 0;
			defaultConfigurationName = Release;
		};
/* End XCConfigurationList section */

/* Begin XCSwiftPackageProductDependency section */
		89B445FD2B844B5C00966BD5 /* RealityKitContent */ = {
			isa = XCSwiftPackageProductDependency;
			productName = RealityKitContent;
		};
/* End XCSwiftPackageProductDependency section */
	};
	rootObject = 89B445F02B844B5C00966BD5 /* Project object */;
}
